
Microsoft Visual Studio Solution File, Format Version 12.00
# Visual Studio Version 16
VisualStudioVersion = 16.0.31005.135
MinimumVisualStudioVersion = 10.0.40219.1
Project("{9A19103F-16F7-4668-BE54-9A1E7A4F7556}") = "MyNetStandard", "MyNetStandard\MyNetStandard.csproj", "{202CAF02-6194-4A84-AA1A-5DF2536568C6}"
EndProject
Project("{9A19103F-16F7-4668-BE54-9A1E7A4F7556}") = "MyNetCore", "MyNetCore\MyNetCore.csproj", "{986FA24F-993A-44B7-A5A6-E59C426A4B63}"
EndProject
Project("{9A19103F-16F7-4668-BE54-9A1E7A4F7556}") = "MyNetEF", "MyNetEF\MyNetEF.csproj", "{49C4ADCF-65F3-4D20-B77E-CB5234555CF0}"
EndProject
Project("{FAE04EC0-301F-11D3-BF4B-00C04F79EFBC}") = "MyNetFrameworkConsole", "MyNetFrameworkConsole\MyNetFrameworkConsole.csproj", "{10117260-65AF-47FE-9EB1-5C1D1F81209E}"
EndProject
Project("{FAE04EC0-301F-11D3-BF4B-00C04F79EFBC}") = "MyNetCoreConsole", "MyNetCoreConsole\MyNetCoreConsole.csproj", "{24405DC8-8633-410F-895E-80038AF28C7E}"
EndProject
Global
	GlobalSection(SolutionConfigurationPlatforms) = preSolution
		Debug|Any CPU = Debug|Any CPU
		Release|Any CPU = Release|Any CPU
	EndGlobalSection
	GlobalSection(ProjectConfigurationPlatforms) = postSolution
		{202CAF02-6194-4A84-AA1A-5DF2536568C6}.Debug|Any CPU.ActiveCfg = Debug|Any CPU
		{202CAF02-6194-4A84-AA1A-5DF2536568C6}.Debug|Any CPU.Build.0 = Debug|Any CPU
		{202CAF02-6194-4A84-AA1A-5DF2536568C6}.Release|Any CPU.ActiveCfg = Release|Any CPU
		{202CAF02-6194-4A84-AA1A-5DF2536568C6}.Release|Any CPU.Build.0 = Release|Any CPU
		{986FA24F-993A-44B7-A5A6-E59C426A4B63}.Debug|Any CPU.ActiveCfg = Debug|Any CPU
		{986FA24F-993A-44B7-A5A6-E59C426A4B63}.Debug|Any CPU.Build.0 = Debug|Any CPU
		{986FA24F-993A-44B7-A5A6-E59C426A4B63}.Release|Any CPU.ActiveCfg = Release|Any CPU
		{986FA24F-993A-44B7-A5A6-E59C426A4B63}.Release|Any CPU.Build.0 = Release|Any CPU
		{49C4ADCF-65F3-4D20-B77E-CB5234555CF0}.Debug|Any CPU.ActiveCfg = Debug|Any CPU
		{49C4ADCF-65F3-4D20-B77E-CB5234555CF0}.Debug|Any CPU.Build.0 = Debug|Any CPU
		{49C4ADCF-65F3-4D20-B77E-CB5234555CF0}.Release|Any CPU.ActiveCfg = Release|Any CPU
		{49C4ADCF-65F3-4D20-B77E-CB5234555CF0}.Release|Any CPU.Build.0 = Release|Any CPU
		{10117260-65AF-47FE-9EB1-5C1D1F81209E}.Debug|Any CPU.ActiveCfg = Debug|Any CPU
		{10117260-65AF-47FE-9EB1-5C1D1F81209E}.Debug|Any CPU.Build.0 = Debug|Any CPU
		{10117260-65AF-47FE-9EB1-5C1D1F81209E}.Release|Any CPU.ActiveCfg = Release|Any CPU
		{10117260-65AF-47FE-9EB1-5C1D1F81209E}.Release|Any CPU.Build.0 = Release|Any CPU
		{24405DC8-8633-410F-895E-80038AF28C7E}.Debug|Any CPU.ActiveCfg = Debug|Any CPU
		{24405DC8-8633-410F-895E-80038AF28C7E}.Debug|Any CPU.Build.0 = Debug|Any CPU
		{24405DC8-8633-410F-895E-80038AF28C7E}.Release|Any CPU.ActiveCfg = Release|Any CPU
		{24405DC8-8633-410F-895E-80038AF28C7E}.Release|Any CPU.Build.0 = Release|Any CPU
	EndGlobalSection
	GlobalSection(SolutionProperties) = preSolution
		HideSolutionNode = FALSE
	EndGlobalSection
	GlobalSection(ExtensibilityGlobals) = postSolution
		SolutionGuid = {D054D94E-6C05-4D8E-B587-E1AE5E343284}
	EndGlobalSection
EndGlobal
